
Microsoft Visual Studio Solution File, Format Version 12.00
# Visual Studio Version 16
VisualStudioVersion = 16.0.31313.79
MinimumVisualStudioVersion = 10.0.40219.1
Project("{FAE04EC0-301F-11D3-BF4B-00C04F79EFBC}") = "Office.IO", "Office.IO\Office.IO.csproj", "{64D11C3B-F0C7-487A-B24F-BE3E27F339C8}"
EndProject
Project("{FAE04EC0-301F-11D3-BF4B-00C04F79EFBC}") = "Office.IO.Tests", "Office.IO.Tests\Office.IO.Tests.csproj", "{C952E9BA-FC0B-4FE6-89F8-F52982BC3063}"
EndProject
Global
	GlobalSection(SolutionConfigurationPlatforms) = preSolution
		Debug|Any CPU = Debug|Any CPU
		Release|Any CPU = Release|Any CPU
	EndGlobalSection
	GlobalSection(ProjectConfigurationPlatforms) = postSolution
		{64D11C3B-F0C7-487A-B24F-BE3E27F339C8}.Debug|Any CPU.ActiveCfg = Debug|Any CPU
		{64D11C3B-F0C7-487A-B24F-BE3E27F339C8}.Debug|Any CPU.Build.0 = Debug|Any CPU
		{64D11C3B-F0C7-487A-B24F-BE3E27F339C8}.Release|Any CPU.ActiveCfg = Release|Any CPU
		{64D11C3B-F0C7-487A-B24F-BE3E27F339C8}.Release|Any CPU.Build.0 = Release|Any CPU
		{C952E9BA-FC0B-4FE6-89F8-F52982BC3063}.Debug|Any CPU.ActiveCfg = Debug|Any CPU
		{C952E9BA-FC0B-4FE6-89F8-F52982BC3063}.Debug|Any CPU.Build.0 = Debug|Any CPU
		{C952E9BA-FC0B-4FE6-89F8-F52982BC3063}.Release|Any CPU.ActiveCfg = Release|Any CPU
		{C952E9BA-FC0B-4FE6-89F8-F52982BC3063}.Release|Any CPU.Build.0 = Release|Any CPU
	EndGlobalSection
	GlobalSection(SolutionProperties) = preSolution
		HideSolutionNode = FALSE
	EndGlobalSection
	GlobalSection(ExtensibilityGlobals) = postSolution
		SolutionGuid = {255FB371-8D91-4B8A-BB5C-B753248385CA}
	EndGlobalSection
EndGlobal
